
Microsoft Visual Studio Solution File, Format Version 12.00
# Visual Studio Version 17
VisualStudioVersion = 17.14.36518.9 d17.14
MinimumVisualStudioVersion = 10.0.40219.1
Project("{FAE04EC0-301F-11D3-BF4B-00C04F79EFBC}") = "HelloWorld", "HelloWorld\HelloWorld.csproj", "{ECCA6154-2FF8-4F79-9B36-6C18F5C2218C}"
EndProject
Global
	GlobalSection(SolutionConfigurationPlatforms) = preSolution
		Debug|Any CPU = Debug|Any CPU
		Release|Any CPU = Release|Any CPU
	EndGlobalSection
	GlobalSection(ProjectConfigurationPlatforms) = postSolution
		{ECCA6154-2FF8-4F79-9B36-6C18F5C2218C}.Debug|Any CPU.ActiveCfg = Debug|Any CPU
		{ECCA6154-2FF8-4F79-9B36-6C18F5C2218C}.Debug|Any CPU.Build.0 = Debug|Any CPU
		{ECCA6154-2FF8-4F79-9B36-6C18F5C2218C}.Release|Any CPU.ActiveCfg = Release|Any CPU
		{ECCA6154-2FF8-4F79-9B36-6C18F5C2218C}.Release|Any CPU.Build.0 = Release|Any CPU
	EndGlobalSection
	GlobalSection(SolutionProperties) = preSolution
		HideSolutionNode = FALSE
	EndGlobalSection
	GlobalSection(ExtensibilityGlobals) = postSolution
		SolutionGuid = {151A8916-1D57-4939-A92E-9C9879CD5C40}
	EndGlobalSection
EndGlobal
